
Microsoft Visual Studio Solution File, Format Version 12.00
# Visual Studio 15
VisualStudioVersion = 15.0.28307.852
MinimumVisualStudioVersion = 10.0.40219.1
Project("{FAE04EC0-301F-11D3-BF4B-00C04F79EFBC}") = "Panini-s-Factory.Common", "Panini-s-Factory.Common\Panini-s-Factory.Common.csproj", "{509677F2-84FD-485A-A024-A6CF866A8127}"
EndProject
Project("{FAE04EC0-301F-11D3-BF4B-00C04F79EFBC}") = "Panini-s-Factory", "Panini-s-Factory\Panini-s-Factory.csproj", "{E8325D2D-7B56-4BE1-AECB-352BC75FE83B}"
EndProject
Global
	GlobalSection(SolutionConfigurationPlatforms) = preSolution
		Debug|Any CPU = Debug|Any CPU
		Release|Any CPU = Release|Any CPU
	EndGlobalSection
	GlobalSection(ProjectConfigurationPlatforms) = postSolution
		{509677F2-84FD-485A-A024-A6CF866A8127}.Debug|Any CPU.ActiveCfg = Debug|Any CPU
		{509677F2-84FD-485A-A024-A6CF866A8127}.Debug|Any CPU.Build.0 = Debug|Any CPU
		{509677F2-84FD-485A-A024-A6CF866A8127}.Release|Any CPU.ActiveCfg = Release|Any CPU
		{509677F2-84FD-485A-A024-A6CF866A8127}.Release|Any CPU.Build.0 = Release|Any CPU
		{E8325D2D-7B56-4BE1-AECB-352BC75FE83B}.Debug|Any CPU.ActiveCfg = Debug|Any CPU
		{E8325D2D-7B56-4BE1-AECB-352BC75FE83B}.Debug|Any CPU.Build.0 = Debug|Any CPU
		{E8325D2D-7B56-4BE1-AECB-352BC75FE83B}.Release|Any CPU.ActiveCfg = Release|Any CPU
		{E8325D2D-7B56-4BE1-AECB-352BC75FE83B}.Release|Any CPU.Build.0 = Release|Any CPU
	EndGlobalSection
	GlobalSection(SolutionProperties) = preSolution
		HideSolutionNode = FALSE
	EndGlobalSection
	GlobalSection(ExtensibilityGlobals) = postSolution
		SolutionGuid = {193CB566-D747-417B-B4C6-83B8E159E10A}
	EndGlobalSection
EndGlobal
